
Microsoft Visual Studio Solution File, Format Version 12.00
# Visual Studio Version 17
VisualStudioVersion = 17.7.34202.233
MinimumVisualStudioVersion = 10.0.40219.1
Project("{FAE04EC0-301F-11D3-BF4B-00C04F79EFBC}") = "WebBH_Shopping", "WebBH_Shopping\WebBH_Shopping.csproj", "{2A3018B9-AB00-4CA6-9D34-785F4E7CF15E}"
EndProject
Global
	GlobalSection(SolutionConfigurationPlatforms) = preSolution
		Debug|Any CPU = Debug|Any CPU
		Release|Any CPU = Release|Any CPU
	EndGlobalSection
	GlobalSection(ProjectConfigurationPlatforms) = postSolution
		{2A3018B9-AB00-4CA6-9D34-785F4E7CF15E}.Debug|Any CPU.ActiveCfg = Debug|Any CPU
		{2A3018B9-AB00-4CA6-9D34-785F4E7CF15E}.Debug|Any CPU.Build.0 = Debug|Any CPU
		{2A3018B9-AB00-4CA6-9D34-785F4E7CF15E}.Release|Any CPU.ActiveCfg = Release|Any CPU
		{2A3018B9-AB00-4CA6-9D34-785F4E7CF15E}.Release|Any CPU.Build.0 = Release|Any CPU
	EndGlobalSection
	GlobalSection(SolutionProperties) = preSolution
		HideSolutionNode = FALSE
	EndGlobalSection
	GlobalSection(ExtensibilityGlobals) = postSolution
		SolutionGuid = {92314CC9-B68C-4F72-932C-27C11B6726F1}
	EndGlobalSection
EndGlobal
